{
  "meteor": {},
  "dependencies": {
    "basePackages": {
      "chartjs": {}
    },
    "packages": {
      "chartjs": {
        "git": "https://github.com/donskifarrell/meteor-chartjs.git",
        "tag": "v0.0.4",
        "commit": "9d2adcd1de3728c8227e8eb7da0dcb2e0df21d0b"
      }
    }
  }
}
